
Microsoft Visual Studio Solution File, Format Version 12.00
# Visual Studio Version 17
VisualStudioVersion = 17.10.35027.167
MinimumVisualStudioVersion = 10.0.40219.1
Project("{9A19103F-16F7-4668-BE54-9A1E7A4F7556}") = "DataIntegrationExercise", "DataIntegrationExercise\DataIntegrationExercise.csproj", "{38279305-9C38-4851-BD52-A3D401321CA3}"
EndProject
Project("{888888A0-9F3D-457C-B088-3A5042F75D52}") = "PythonDataIntegrationExercise", "PythonDataIntegrationExercise\PythonDataIntegrationExercise.pyproj", "{F283325B-D031-479E-AE5F-CC2693FCFC58}"
EndProject
Global
	GlobalSection(SolutionConfigurationPlatforms) = preSolution
		Debug|Any CPU = Debug|Any CPU
		Release|Any CPU = Release|Any CPU
	EndGlobalSection
	GlobalSection(ProjectConfigurationPlatforms) = postSolution
		{38279305-9C38-4851-BD52-A3D401321CA3}.Debug|Any CPU.ActiveCfg = Debug|Any CPU
		{38279305-9C38-4851-BD52-A3D401321CA3}.Debug|Any CPU.Build.0 = Debug|Any CPU
		{38279305-9C38-4851-BD52-A3D401321CA3}.Release|Any CPU.ActiveCfg = Release|Any CPU
		{38279305-9C38-4851-BD52-A3D401321CA3}.Release|Any CPU.Build.0 = Release|Any CPU
		{F283325B-D031-479E-AE5F-CC2693FCFC58}.Debug|Any CPU.ActiveCfg = Debug|Any CPU
		{F283325B-D031-479E-AE5F-CC2693FCFC58}.Release|Any CPU.ActiveCfg = Release|Any CPU
	EndGlobalSection
	GlobalSection(SolutionProperties) = preSolution
		HideSolutionNode = FALSE
	EndGlobalSection
	GlobalSection(ExtensibilityGlobals) = postSolution
		SolutionGuid = {F0ADBD37-1686-49A1-BDFD-2E56B9CF82ED}
	EndGlobalSection
EndGlobal
